{
  "name": "ajs_project",
  "version": "1.0.0",
  "lockfileVersion": 2,
  "requires": true,
  "packages": {
    "": {
      "name": "ajs_project",
      "version": "1.0.0",
      "license": "ISC",
      "dependencies": {
        "@ustasnov/ajs": "^1.0.0"
      }
    },
    "node_modules/@ustasnov/ajs": {
      "version": "1.0.0",
      "resolved": "https://npm.pkg.github.com/download/@ustasnov/ajs/1.0.0/b8fb98160e4c67cdd0d0dcfcea275454667954f0",
      "integrity": "sha512-ko55Qs61KIb7/MJ+rM76cEWNRySMmPSLdEIrVdXnRSgqzQKKh2v3yJQAJpC3HKSH4GwUklpvcRGJ0ZjmD8vy8A==",
      "license": "ISC"
    }
  },
  "dependencies": {
    "@ustasnov/ajs": {
      "version": "1.0.0",
      "resolved": "https://npm.pkg.github.com/download/@ustasnov/ajs/1.0.0/b8fb98160e4c67cdd0d0dcfcea275454667954f0",
      "integrity": "sha512-ko55Qs61KIb7/MJ+rM76cEWNRySMmPSLdEIrVdXnRSgqzQKKh2v3yJQAJpC3HKSH4GwUklpvcRGJ0ZjmD8vy8A=="
    }
  }
}
